
Microsoft Visual Studio Solution File, Format Version 12.00
# Visual Studio Version 16
VisualStudioVersion = 16.0.32802.440
MinimumVisualStudioVersion = 10.0.40219.1
Project("{8BC9CEB8-8B4A-11D0-8D11-00A0C91BC942}") = "PrakKripto_ProjectUAS", "PrakKripto_ProjectUAS\PrakKripto_ProjectUAS.vcxproj", "{9D22BCDE-7792-4778-BA89-E2595EDE1051}"
EndProject
Global
	GlobalSection(SolutionConfigurationPlatforms) = preSolution
		Debug|x64 = Debug|x64
		Debug|x86 = Debug|x86
		Release|x64 = Release|x64
		Release|x86 = Release|x86
	EndGlobalSection
	GlobalSection(ProjectConfigurationPlatforms) = postSolution
		{9D22BCDE-7792-4778-BA89-E2595EDE1051}.Debug|x64.ActiveCfg = Debug|x64
		{9D22BCDE-7792-4778-BA89-E2595EDE1051}.Debug|x64.Build.0 = Debug|x64
		{9D22BCDE-7792-4778-BA89-E2595EDE1051}.Debug|x86.ActiveCfg = Debug|Win32
		{9D22BCDE-7792-4778-BA89-E2595EDE1051}.Debug|x86.Build.0 = Debug|Win32
		{9D22BCDE-7792-4778-BA89-E2595EDE1051}.Release|x64.ActiveCfg = Release|x64
		{9D22BCDE-7792-4778-BA89-E2595EDE1051}.Release|x64.Build.0 = Release|x64
		{9D22BCDE-7792-4778-BA89-E2595EDE1051}.Release|x86.ActiveCfg = Release|Win32
		{9D22BCDE-7792-4778-BA89-E2595EDE1051}.Release|x86.Build.0 = Release|Win32
	EndGlobalSection
	GlobalSection(SolutionProperties) = preSolution
		HideSolutionNode = FALSE
	EndGlobalSection
	GlobalSection(ExtensibilityGlobals) = postSolution
		SolutionGuid = {9D8BDC25-EE7E-4531-92F2-10EE27FFD68A}
	EndGlobalSection
EndGlobal
